
Microsoft Visual Studio Solution File, Format Version 12.00
# Visual Studio Version 17
VisualStudioVersion = 17.5.33502.453
MinimumVisualStudioVersion = 10.0.40219.1
Project("{FAE04EC0-301F-11D3-BF4B-00C04F79EFBC}") = "Dataset ile işlemler", "Dataset ile işlemler\Dataset ile işlemler.csproj", "{528ED4C0-8F8E-44B0-8157-06F391AE42F2}"
EndProject
Global
	GlobalSection(SolutionConfigurationPlatforms) = preSolution
		Debug|Any CPU = Debug|Any CPU
		Release|Any CPU = Release|Any CPU
	EndGlobalSection
	GlobalSection(ProjectConfigurationPlatforms) = postSolution
		{528ED4C0-8F8E-44B0-8157-06F391AE42F2}.Debug|Any CPU.ActiveCfg = Debug|Any CPU
		{528ED4C0-8F8E-44B0-8157-06F391AE42F2}.Debug|Any CPU.Build.0 = Debug|Any CPU
		{528ED4C0-8F8E-44B0-8157-06F391AE42F2}.Release|Any CPU.ActiveCfg = Release|Any CPU
		{528ED4C0-8F8E-44B0-8157-06F391AE42F2}.Release|Any CPU.Build.0 = Release|Any CPU
	EndGlobalSection
	GlobalSection(SolutionProperties) = preSolution
		HideSolutionNode = FALSE
	EndGlobalSection
	GlobalSection(ExtensibilityGlobals) = postSolution
		SolutionGuid = {B2C4A76D-0AC8-4DCC-A17D-A322D2F1B8DC}
	EndGlobalSection
EndGlobal
